// !$*UTF8*$!
{
	archiveVersion = 1;
	classes = {
	};
	objectVersion = 50;
	objects = {

/* Begin PBXBuildFile section */
		046711D424C38188006E0781 /* AppDelegate.swift in Sources */ = {isa = PBXBuildFile; fileRef = 046711D324C38188006E0781 /* AppDelegate.swift */; };
		046711D624C38188006E0781 /* SceneDelegate.swift in Sources */ = {isa = PBXBuildFile; fileRef = 046711D524C38188006E0781 /* SceneDelegate.swift */; };
		046711D824C38188006E0781 /* ViewController.swift in Sources */ = {isa = PBXBuildFile; fileRef = 046711D724C38188006E0781 /* ViewController.swift */; };
		046711DB24C38188006E0781 /* Main.storyboard in Resources */ = {isa = PBXBuildFile; fileRef = 046711D924C38188006E0781 /* Main.storyboard */; };
		046711DD24C3818B006E0781 /* Assets.xcassets in Resources */ = {isa = PBXBuildFile; fileRef = 046711DC24C3818B006E0781 /* Assets.xcassets */; };
		046711E024C3818B006E0781 /* LaunchScreen.storyboard in Resources */ = {isa = PBXBuildFile; fileRef = 046711DE24C3818B006E0781 /* LaunchScreen.storyboard */; };
		046711EA24C3840C006E0781 /* RoundedButton.swift in Sources */ = {isa = PBXBuildFile; fileRef = 046711E924C3840C006E0781 /* RoundedButton.swift */; };
		046711EC24C39EE5006E0781 /* BottomSheetView.swift in Sources */ = {isa = PBXBuildFile; fileRef = 046711EB24C39EE5006E0781 /* BottomSheetView.swift */; };
		046711EE24C39F66006E0781 /* BottomSheetToggleView.swift in Sources */ = {isa = PBXBuildFile; fileRef = 046711ED24C39F66006E0781 /* BottomSheetToggleView.swift */; };
		046711F024C39F76006E0781 /* BottomSheetContainerView.swift in Sources */ = {isa = PBXBuildFile; fileRef = 046711EF24C39F76006E0781 /* BottomSheetContainerView.swift */; };
		0496008A24C3A8E900C21DB8 /* BottomSheetTopBarView.swift in Sources */ = {isa = PBXBuildFile; fileRef = 0496008924C3A8E900C21DB8 /* BottomSheetTopBarView.swift */; };
		0496008C24C3A93300C21DB8 /* BottomSheetTopBarView.xib in Resources */ = {isa = PBXBuildFile; fileRef = 0496008B24C3A93300C21DB8 /* BottomSheetTopBarView.xib */; };
		0496008E24C3C73D00C21DB8 /* BottomSheetModels.swift in Sources */ = {isa = PBXBuildFile; fileRef = 0496008D24C3C73D00C21DB8 /* BottomSheetModels.swift */; };
		04E50E3324C4D5630074E4B0 /* BottomSheetExamples.swift in Sources */ = {isa = PBXBuildFile; fileRef = 04E50E3224C4D5630074E4B0 /* BottomSheetExamples.swift */; };
		04E50E3524C4D8900074E4B0 /* ExampleNib.xib in Resources */ = {isa = PBXBuildFile; fileRef = 04E50E3424C4D8900074E4B0 /* ExampleNib.xib */; };
/* End PBXBuildFile section */

/* Begin PBXFileReference section */
		046711D024C38188006E0781 /* BottomSheet.app */ = {isa = PBXFileReference; explicitFileType = wrapper.application; includeInIndex = 0; path = BottomSheet.app; sourceTree = BUILT_PRODUCTS_DIR; };
		046711D324C38188006E0781 /* AppDelegate.swift */ = {isa = PBXFileReference; lastKnownFileType = sourcecode.swift; path = AppDelegate.swift; sourceTree = "<group>"; };
		046711D524C38188006E0781 /* SceneDelegate.swift */ = {isa = PBXFileReference; lastKnownFileType = sourcecode.swift; path = SceneDelegate.swift; sourceTree = "<group>"; };
		046711D724C38188006E0781 /* ViewController.swift */ = {isa = PBXFileReference; lastKnownFileType = sourcecode.swift; path = ViewController.swift; sourceTree = "<group>"; };
		046711DA24C38188006E0781 /* Base */ = {isa = PBXFileReference; lastKnownFileType = file.storyboard; name = Base; path = Base.lproj/Main.storyboard; sourceTree = "<group>"; };
		046711DC24C3818B006E0781 /* Assets.xcassets */ = {isa = PBXFileReference; lastKnownFileType = folder.assetcatalog; path = Assets.xcassets; sourceTree = "<group>"; };
		046711DF24C3818B006E0781 /* Base */ = {isa = PBXFileReference; lastKnownFileType = file.storyboard; name = Base; path = Base.lproj/LaunchScreen.storyboard; sourceTree = "<group>"; };
		046711E124C3818B006E0781 /* Info.plist */ = {isa = PBXFileReference; lastKnownFileType = text.plist.xml; path = Info.plist; sourceTree = "<group>"; };
		046711E924C3840C006E0781 /* RoundedButton.swift */ = {isa = PBXFileReference; lastKnownFileType = sourcecode.swift; path = RoundedButton.swift; sourceTree = "<group>"; };
		046711EB24C39EE5006E0781 /* BottomSheetView.swift */ = {isa = PBXFileReference; lastKnownFileType = sourcecode.swift; path = BottomSheetView.swift; sourceTree = "<group>"; };
		046711ED24C39F66006E0781 /* BottomSheetToggleView.swift */ = {isa = PBXFileReference; lastKnownFileType = sourcecode.swift; path = BottomSheetToggleView.swift; sourceTree = "<group>"; };
		046711EF24C39F76006E0781 /* BottomSheetContainerView.swift */ = {isa = PBXFileReference; lastKnownFileType = sourcecode.swift; path = BottomSheetContainerView.swift; sourceTree = "<group>"; };
		0496008924C3A8E900C21DB8 /* BottomSheetTopBarView.swift */ = {isa = PBXFileReference; lastKnownFileType = sourcecode.swift; path = BottomSheetTopBarView.swift; sourceTree = "<group>"; };
		0496008B24C3A93300C21DB8 /* BottomSheetTopBarView.xib */ = {isa = PBXFileReference; lastKnownFileType = file.xib; path = BottomSheetTopBarView.xib; sourceTree = "<group>"; };
		0496008D24C3C73D00C21DB8 /* BottomSheetModels.swift */ = {isa = PBXFileReference; lastKnownFileType = sourcecode.swift; path = BottomSheetModels.swift; sourceTree = "<group>"; };
		04E50E3224C4D5630074E4B0 /* BottomSheetExamples.swift */ = {isa = PBXFileReference; lastKnownFileType = sourcecode.swift; path = BottomSheetExamples.swift; sourceTree = "<group>"; };
		04E50E3424C4D8900074E4B0 /* ExampleNib.xib */ = {isa = PBXFileReference; lastKnownFileType = file.xib; path = ExampleNib.xib; sourceTree = "<group>"; };
/* End PBXFileReference section */

/* Begin PBXFrameworksBuildPhase section */
		046711CD24C38188006E0781 /* Frameworks */ = {
			isa = PBXFrameworksBuildPhase;
			buildActionMask = 2147483647;
			files = (
			);
			runOnlyForDeploymentPostprocessing = 0;
		};
/* End PBXFrameworksBuildPhase section */

/* Begin PBXGroup section */
		046711C724C38187006E0781 = {
			isa = PBXGroup;
			children = (
				046711D224C38188006E0781 /* BottomSheet */,
				046711D124C38188006E0781 /* Products */,
			);
			sourceTree = "<group>";
		};
		046711D124C38188006E0781 /* Products */ = {
			isa = PBXGroup;
			children = (
				046711D024C38188006E0781 /* BottomSheet.app */,
			);
			name = Products;
			sourceTree = "<group>";
		};
		046711D224C38188006E0781 /* BottomSheet */ = {
			isa = PBXGroup;
			children = (
				046711F524C39FC6006E0781 /* View Controllers */,
				046711F424C39FB3006E0781 /* UI Elements */,
				046711F324C39FA3006E0781 /* Storyboards */,
				046711F224C39F8C006E0781 /* Supporting */,
				046711F124C39F79006E0781 /* Bottom Sheet Views */,
				04E50E3124C4D5490074E4B0 /* Examples */,
			);
			path = BottomSheet;
			sourceTree = "<group>";
		};
		046711F124C39F79006E0781 /* Bottom Sheet Views */ = {
			isa = PBXGroup;
			children = (
				046711EB24C39EE5006E0781 /* BottomSheetView.swift */,
				046711ED24C39F66006E0781 /* BottomSheetToggleView.swift */,
				0496008924C3A8E900C21DB8 /* BottomSheetTopBarView.swift */,
				0496008B24C3A93300C21DB8 /* BottomSheetTopBarView.xib */,
				046711EF24C39F76006E0781 /* BottomSheetContainerView.swift */,
				0496008D24C3C73D00C21DB8 /* BottomSheetModels.swift */,
			);
			path = "Bottom Sheet Views";
			sourceTree = "<group>";
		};
		046711F224C39F8C006E0781 /* Supporting */ = {
			isa = PBXGroup;
			children = (
				046711E124C3818B006E0781 /* Info.plist */,
				046711DC24C3818B006E0781 /* Assets.xcassets */,
				046711D324C38188006E0781 /* AppDelegate.swift */,
				046711D524C38188006E0781 /* SceneDelegate.swift */,
			);
			path = Supporting;
			sourceTree = "<group>";
		};
		046711F324C39FA3006E0781 /* Storyboards */ = {
			isa = PBXGroup;
			children = (
				046711D924C38188006E0781 /* Main.storyboard */,
				046711DE24C3818B006E0781 /* LaunchScreen.storyboard */,
			);
			path = Storyboards;
			sourceTree = "<group>";
		};
		046711F424C39FB3006E0781 /* UI Elements */ = {
			isa = PBXGroup;
			children = (
				046711E924C3840C006E0781 /* RoundedButton.swift */,
			);
			path = "UI Elements";
			sourceTree = "<group>";
		};
		046711F524C39FC6006E0781 /* View Controllers */ = {
			isa = PBXGroup;
			children = (
				046711D724C38188006E0781 /* ViewController.swift */,
			);
			path = "View Controllers";
			sourceTree = "<group>";
		};
		04E50E3124C4D5490074E4B0 /* Examples */ = {
			isa = PBXGroup;
			children = (
				04E50E3224C4D5630074E4B0 /* BottomSheetExamples.swift */,
				04E50E3424C4D8900074E4B0 /* ExampleNib.xib */,
			);
			path = Examples;
			sourceTree = "<group>";
		};
/* End PBXGroup section */

/* Begin PBXNativeTarget section */
		046711CF24C38188006E0781 /* BottomSheet */ = {
			isa = PBXNativeTarget;
			buildConfigurationList = 046711E424C3818B006E0781 /* Build configuration list for PBXNativeTarget "BottomSheet" */;
			buildPhases = (
				046711CC24C38188006E0781 /* Sources */,
				046711CD24C38188006E0781 /* Frameworks */,
				046711CE24C38188006E0781 /* Resources */,
			);
			buildRules = (
			);
			dependencies = (
			);
			name = BottomSheet;
			productName = BottomSheet;
			productReference = 046711D024C38188006E0781 /* BottomSheet.app */;
			productType = "com.apple.product-type.application";
		};
/* End PBXNativeTarget section */

/* Begin PBXProject section */
		046711C824C38187006E0781 /* Project object */ = {
			isa = PBXProject;
			attributes = {
				LastSwiftUpdateCheck = 1160;
				LastUpgradeCheck = 1160;
				ORGANIZATIONNAME = "Jedd Goble";
				TargetAttributes = {
					046711CF24C38188006E0781 = {
						CreatedOnToolsVersion = 11.6;
					};
				};
			};
			buildConfigurationList = 046711CB24C38187006E0781 /* Build configuration list for PBXProject "BottomSheet" */;
			compatibilityVersion = "Xcode 9.3";
			developmentRegion = en;
			hasScannedForEncodings = 0;
			knownRegions = (
				en,
				Base,
			);
			mainGroup = 046711C724C38187006E0781;
			productRefGroup = 046711D124C38188006E0781 /* Products */;
			projectDirPath = "";
			projectRoot = "";
			targets = (
				046711CF24C38188006E0781 /* BottomSheet */,
			);
		};
/* End PBXProject section */

/* Begin PBXResourcesBuildPhase section */
		046711CE24C38188006E0781 /* Resources */ = {
			isa = PBXResourcesBuildPhase;
			buildActionMask = 2147483647;
			files = (
				046711E024C3818B006E0781 /* LaunchScreen.storyboard in Resources */,
				046711DD24C3818B006E0781 /* Assets.xcassets in Resources */,
				046711DB24C38188006E0781 /* Main.storyboard in Resources */,
				04E50E3524C4D8900074E4B0 /* ExampleNib.xib in Resources */,
				0496008C24C3A93300C21DB8 /* BottomSheetTopBarView.xib in Resources */,
			);
			runOnlyForDeploymentPostprocessing = 0;
		};
/* End PBXResourcesBuildPhase section */

/* Begin PBXSourcesBuildPhase section */
		046711CC24C38188006E0781 /* Sources */ = {
			isa = PBXSourcesBuildPhase;
			buildActionMask = 2147483647;
			files = (
				0496008E24C3C73D00C21DB8 /* BottomSheetModels.swift in Sources */,
				046711D824C38188006E0781 /* ViewController.swift in Sources */,
				046711EC24C39EE5006E0781 /* BottomSheetView.swift in Sources */,
				046711EE24C39F66006E0781 /* BottomSheetToggleView.swift in Sources */,
				046711D424C38188006E0781 /* AppDelegate.swift in Sources */,
				046711D624C38188006E0781 /* SceneDelegate.swift in Sources */,
				046711F024C39F76006E0781 /* BottomSheetContainerView.swift in Sources */,
				04E50E3324C4D5630074E4B0 /* BottomSheetExamples.swift in Sources */,
				046711EA24C3840C006E0781 /* RoundedButton.swift in Sources */,
				0496008A24C3A8E900C21DB8 /* BottomSheetTopBarView.swift in Sources */,
			);
			runOnlyForDeploymentPostprocessing = 0;
		};
/* End PBXSourcesBuildPhase section */

/* Begin PBXVariantGroup section */
		046711D924C38188006E0781 /* Main.storyboard */ = {
			isa = PBXVariantGroup;
			children = (
				046711DA24C38188006E0781 /* Base */,
			);
			name = Main.storyboard;
			sourceTree = "<group>";
		};
		046711DE24C3818B006E0781 /* LaunchScreen.storyboard */ = {
			isa = PBXVariantGroup;
			children = (
				046711DF24C3818B006E0781 /* Base */,
			);
			name = LaunchScreen.storyboard;
			sourceTree = "<group>";
		};
/* End PBXVariantGroup section */

/* Begin XCBuildConfiguration section */
		046711E224C3818B006E0781 /* Debug */ = {
			isa = XCBuildConfiguration;
			buildSettings = {
				ALWAYS_SEARCH_USER_PATHS = NO;
				CLANG_ANALYZER_NONNULL = YES;
				CLANG_ANALYZER_NUMBER_OBJECT_CONVERSION = YES_AGGRESSIVE;
				CLANG_CXX_LANGUAGE_STANDARD = "gnu++14";
				CLANG_CXX_LIBRARY = "libc++";
				CLANG_ENABLE_MODULES = YES;
				CLANG_ENABLE_OBJC_ARC = YES;
				CLANG_ENABLE_OBJC_WEAK = YES;
				CLANG_WARN_BLOCK_CAPTURE_AUTORELEASING = YES;
				CLANG_WARN_BOOL_CONVERSION = YES;
				CLANG_WARN_COMMA = YES;
				CLANG_WARN_CONSTANT_CONVERSION = YES;
				CLANG_WARN_DEPRECATED_OBJC_IMPLEMENTATIONS = YES;
				CLANG_WARN_DIRECT_OBJC_ISA_USAGE = YES_ERROR;
				CLANG_WARN_DOCUMENTATION_COMMENTS = YES;
				CLANG_WARN_EMPTY_BODY = YES;
				CLANG_WARN_ENUM_CONVERSION = YES;
				CLANG_WARN_INFINITE_RECURSION = YES;
				CLANG_WARN_INT_CONVERSION = YES;
				CLANG_WARN_NON_LITERAL_NULL_CONVERSION = YES;
				CLANG_WARN_OBJC_IMPLICIT_RETAIN_SELF = YES;
				CLANG_WARN_OBJC_LITERAL_CONVERSION = YES;
				CLANG_WARN_OBJC_ROOT_CLASS = YES_ERROR;
				CLANG_WARN_RANGE_LOOP_ANALYSIS = YES;
				CLANG_WARN_STRICT_PROTOTYPES = YES;
				CLANG_WARN_SUSPICIOUS_MOVE = YES;
				CLANG_WARN_UNGUARDED_AVAILABILITY = YES_AGGRESSIVE;
				CLANG_WARN_UNREACHABLE_CODE = YES;
				CLANG_WARN__DUPLICATE_METHOD_MATCH = YES;
				COPY_PHASE_STRIP = NO;
				DEBUG_INFORMATION_FORMAT = dwarf;
				ENABLE_STRICT_OBJC_MSGSEND = YES;
				ENABLE_TESTABILITY = YES;
				GCC_C_LANGUAGE_STANDARD = gnu11;
				GCC_DYNAMIC_NO_PIC = NO;
				GCC_NO_COMMON_BLOCKS = YES;
				GCC_OPTIMIZATION_LEVEL = 0;
				GCC_PREPROCESSOR_DEFINITIONS = (
					"DEBUG=1",
					"$(inherited)",
				);
				GCC_WARN_64_TO_32_BIT_CONVERSION = YES;
				GCC_WARN_ABOUT_RETURN_TYPE = YES_ERROR;
				GCC_WARN_UNDECLARED_SELECTOR = YES;
				GCC_WARN_UNINITIALIZED_AUTOS = YES_AGGRESSIVE;
				GCC_WARN_UNUSED_FUNCTION = YES;
				GCC_WARN_UNUSED_VARIABLE = YES;
				IPHONEOS_DEPLOYMENT_TARGET = 13.6;
				MTL_ENABLE_DEBUG_INFO = INCLUDE_SOURCE;
				MTL_FAST_MATH = YES;
				ONLY_ACTIVE_ARCH = YES;
				SDKROOT = iphoneos;
				SWIFT_ACTIVE_COMPILATION_CONDITIONS = DEBUG;
				SWIFT_OPTIMIZATION_LEVEL = "-Onone";
			};
			name = Debug;
		};
		046711E324C3818B006E0781 /* Release */ = {
			isa = XCBuildConfiguration;
			buildSettings = {
				ALWAYS_SEARCH_USER_PATHS = NO;
				CLANG_ANALYZER_NONNULL = YES;
				CLANG_ANALYZER_NUMBER_OBJECT_CONVERSION = YES_AGGRESSIVE;
				CLANG_CXX_LANGUAGE_STANDARD = "gnu++14";
				CLANG_CXX_LIBRARY = "libc++";
				CLANG_ENABLE_MODULES = YES;
				CLANG_ENABLE_OBJC_ARC = YES;
				CLANG_ENABLE_OBJC_WEAK = YES;
				CLANG_WARN_BLOCK_CAPTURE_AUTORELEASING = YES;
				CLANG_WARN_BOOL_CONVERSION = YES;
				CLANG_WARN_COMMA = YES;
				CLANG_WARN_CONSTANT_CONVERSION = YES;
				CLANG_WARN_DEPRECATED_OBJC_IMPLEMENTATIONS = YES;
				CLANG_WARN_DIRECT_OBJC_ISA_USAGE = YES_ERROR;
				CLANG_WARN_DOCUMENTATION_COMMENTS = YES;
				CLANG_WARN_EMPTY_BODY = YES;
				CLANG_WARN_ENUM_CONVERSION = YES;
				CLANG_WARN_INFINITE_RECURSION = YES;
				CLANG_WARN_INT_CONVERSION = YES;
				CLANG_WARN_NON_LITERAL_NULL_CONVERSION = YES;
				CLANG_WARN_OBJC_IMPLICIT_RETAIN_SELF = YES;
				CLANG_WARN_OBJC_LITERAL_CONVERSION = YES;
				CLANG_WARN_OBJC_ROOT_CLASS = YES_ERROR;
				CLANG_WARN_RANGE_LOOP_ANALYSIS = YES;
				CLANG_WARN_STRICT_PROTOTYPES = YES;
				CLANG_WARN_SUSPICIOUS_MOVE = YES;
				CLANG_WARN_UNGUARDED_AVAILABILITY = YES_AGGRESSIVE;
				CLANG_WARN_UNREACHABLE_CODE = YES;
				CLANG_WARN__DUPLICATE_METHOD_MATCH = YES;
				COPY_PHASE_STRIP = NO;
				DEBUG_INFORMATION_FORMAT = "dwarf-with-dsym";
				ENABLE_NS_ASSERTIONS = NO;
				ENABLE_STRICT_OBJC_MSGSEND = YES;
				GCC_C_LANGUAGE_STANDARD = gnu11;
				GCC_NO_COMMON_BLOCKS = YES;
				GCC_WARN_64_TO_32_BIT_CONVERSION = YES;
				GCC_WARN_ABOUT_RETURN_TYPE = YES_ERROR;
				GCC_WARN_UNDECLARED_SELECTOR = YES;
				GCC_WARN_UNINITIALIZED_AUTOS = YES_AGGRESSIVE;
				GCC_WARN_UNUSED_FUNCTION = YES;
				GCC_WARN_UNUSED_VARIABLE = YES;
				IPHONEOS_DEPLOYMENT_TARGET = 13.6;
				MTL_ENABLE_DEBUG_INFO = NO;
				MTL_FAST_MATH = YES;
				SDKROOT = iphoneos;
				SWIFT_COMPILATION_MODE = wholemodule;
				SWIFT_OPTIMIZATION_LEVEL = "-O";
				VALIDATE_PRODUCT = YES;
			};
			name = Release;
		};
		046711E524C3818B006E0781 /* Debug */ = {
			isa = XCBuildConfiguration;
			buildSettings = {
				ASSETCATALOG_COMPILER_APPICON_NAME = AppIcon;
				CODE_SIGN_STYLE = Automatic;
				DEVELOPMENT_TEAM = T85QJN383J;
				INFOPLIST_FILE = BottomSheet/Supporting/Info.plist;
				LD_RUNPATH_SEARCH_PATHS = (
					"$(inherited)",
					"@executable_path/Frameworks",
				);
				PRODUCT_BUNDLE_IDENTIFIER = freerangerobots.BottomSheet;
				PRODUCT_NAME = "$(TARGET_NAME)";
				SWIFT_VERSION = 5.0;
				TARGETED_DEVICE_FAMILY = "1,2";
			};
			name = Debug;
		};
		046711E624C3818B006E0781 /* Release */ = {
			isa = XCBuildConfiguration;
			buildSettings = {
				ASSETCATALOG_COMPILER_APPICON_NAME = AppIcon;
				CODE_SIGN_STYLE = Automatic;
				DEVELOPMENT_TEAM = T85QJN383J;
				INFOPLIST_FILE = BottomSheet/Supporting/Info.plist;
				LD_RUNPATH_SEARCH_PATHS = (
					"$(inherited)",
					"@executable_path/Frameworks",
				);
				PRODUCT_BUNDLE_IDENTIFIER = freerangerobots.BottomSheet;
				PRODUCT_NAME = "$(TARGET_NAME)";
				SWIFT_VERSION = 5.0;
				TARGETED_DEVICE_FAMILY = "1,2";
			};
			name = Release;
		};
/* End XCBuildConfiguration section */

/* Begin XCConfigurationList section */
		046711CB24C38187006E0781 /* Build configuration list for PBXProject "BottomSheet" */ = {
			isa = XCConfigurationList;
			buildConfigurations = (
				046711E224C3818B006E0781 /* Debug */,
				046711E324C3818B006E0781 /* Release */,
			);
			defaultConfigurationIsVisible = 0;
			defaultConfigurationName = Release;
		};
		046711E424C3818B006E0781 /* Build configuration list for PBXNativeTarget "BottomSheet" */ = {
			isa = XCConfigurationList;
			buildConfigurations = (
				046711E524C3818B006E0781 /* Debug */,
				046711E624C3818B006E0781 /* Release */,
			);
			defaultConfigurationIsVisible = 0;
			defaultConfigurationName = Release;
		};
/* End XCConfigurationList section */
	};
	rootObject = 046711C824C38187006E0781 /* Project object */;
}
